
Microsoft Visual Studio Solution File, Format Version 12.00
# Visual Studio Version 17
VisualStudioVersion = 17.14.36518.9 d17.14
MinimumVisualStudioVersion = 10.0.40219.1
Project("{FAE04EC0-301F-11D3-BF4B-00C04F79EFBC}") = "ConsoleApp1", "ConsoleApp1.csproj", "{1C97DEBB-3C69-4F09-8246-FA629EF71355}"
EndProject
Global
	GlobalSection(SolutionConfigurationPlatforms) = preSolution
		Debug|Any CPU = Debug|Any CPU
		Release|Any CPU = Release|Any CPU
	EndGlobalSection
	GlobalSection(ProjectConfigurationPlatforms) = postSolution
		{1C97DEBB-3C69-4F09-8246-FA629EF71355}.Debug|Any CPU.ActiveCfg = Debug|Any CPU
		{1C97DEBB-3C69-4F09-8246-FA629EF71355}.Debug|Any CPU.Build.0 = Debug|Any CPU
		{1C97DEBB-3C69-4F09-8246-FA629EF71355}.Release|Any CPU.ActiveCfg = Release|Any CPU
		{1C97DEBB-3C69-4F09-8246-FA629EF71355}.Release|Any CPU.Build.0 = Release|Any CPU
	EndGlobalSection
	GlobalSection(SolutionProperties) = preSolution
		HideSolutionNode = FALSE
	EndGlobalSection
	GlobalSection(ExtensibilityGlobals) = postSolution
		SolutionGuid = {A3839BEA-9B93-4AED-8FA1-5D756CE6593D}
	EndGlobalSection
EndGlobal
