
Microsoft Visual Studio Solution File, Format Version 12.00
# Visual Studio Version 17
VisualStudioVersion = 17.14.36518.9 d17.14
MinimumVisualStudioVersion = 10.0.40219.1
Project("{FAE04EC0-301F-11D3-BF4B-00C04F79EFBC}") = "Handle In Statement", "Handle In Statement.csproj", "{3368852A-B7EF-4087-992E-4839F27F275F}"
EndProject
Global
	GlobalSection(SolutionConfigurationPlatforms) = preSolution
		Debug|Any CPU = Debug|Any CPU
		Release|Any CPU = Release|Any CPU
	EndGlobalSection
	GlobalSection(ProjectConfigurationPlatforms) = postSolution
		{3368852A-B7EF-4087-992E-4839F27F275F}.Debug|Any CPU.ActiveCfg = Debug|Any CPU
		{3368852A-B7EF-4087-992E-4839F27F275F}.Debug|Any CPU.Build.0 = Debug|Any CPU
		{3368852A-B7EF-4087-992E-4839F27F275F}.Release|Any CPU.ActiveCfg = Release|Any CPU
		{3368852A-B7EF-4087-992E-4839F27F275F}.Release|Any CPU.Build.0 = Release|Any CPU
	EndGlobalSection
	GlobalSection(SolutionProperties) = preSolution
		HideSolutionNode = FALSE
	EndGlobalSection
	GlobalSection(ExtensibilityGlobals) = postSolution
		SolutionGuid = {8AF1BDEC-21A9-40C0-9B11-DFB5E197F96F}
	EndGlobalSection
EndGlobal
