
Microsoft Visual Studio Solution File, Format Version 12.00
# Visual Studio Version 17
VisualStudioVersion = 17.14.36518.9 d17.14
MinimumVisualStudioVersion = 10.0.40219.1
Project("{FAE04EC0-301F-11D3-BF4B-00C04F79EFBC}") = "ConsoleApp1", "ConsoleApp1.csproj", "{05DB09D2-D886-4462-84F8-AC7E0F9BF1F1}"
EndProject
Global
	GlobalSection(SolutionConfigurationPlatforms) = preSolution
		Debug|Any CPU = Debug|Any CPU
		Release|Any CPU = Release|Any CPU
	EndGlobalSection
	GlobalSection(ProjectConfigurationPlatforms) = postSolution
		{05DB09D2-D886-4462-84F8-AC7E0F9BF1F1}.Debug|Any CPU.ActiveCfg = Debug|Any CPU
		{05DB09D2-D886-4462-84F8-AC7E0F9BF1F1}.Debug|Any CPU.Build.0 = Debug|Any CPU
		{05DB09D2-D886-4462-84F8-AC7E0F9BF1F1}.Release|Any CPU.ActiveCfg = Release|Any CPU
		{05DB09D2-D886-4462-84F8-AC7E0F9BF1F1}.Release|Any CPU.Build.0 = Release|Any CPU
	EndGlobalSection
	GlobalSection(SolutionProperties) = preSolution
		HideSolutionNode = FALSE
	EndGlobalSection
	GlobalSection(ExtensibilityGlobals) = postSolution
		SolutionGuid = {95704C00-2DA8-4A48-9109-A80F89AD332B}
	EndGlobalSection
EndGlobal
