
Microsoft Visual Studio Solution File, Format Version 12.00
# Visual Studio Version 17
VisualStudioVersion = 17.4.33213.308
MinimumVisualStudioVersion = 10.0.40219.1
Project("{FAE04EC0-301F-11D3-BF4B-00C04F79EFBC}") = "Default Constructor", "Default Constructor.csproj", "{1AA14FEF-FC7C-4C6E-A3DA-2A598BE75D41}"
EndProject
Global
	GlobalSection(SolutionConfigurationPlatforms) = preSolution
		Debug|Any CPU = Debug|Any CPU
		Release|Any CPU = Release|Any CPU
	EndGlobalSection
	GlobalSection(ProjectConfigurationPlatforms) = postSolution
		{1AA14FEF-FC7C-4C6E-A3DA-2A598BE75D41}.Debug|Any CPU.ActiveCfg = Debug|Any CPU
		{1AA14FEF-FC7C-4C6E-A3DA-2A598BE75D41}.Debug|Any CPU.Build.0 = Debug|Any CPU
		{1AA14FEF-FC7C-4C6E-A3DA-2A598BE75D41}.Release|Any CPU.ActiveCfg = Release|Any CPU
		{1AA14FEF-FC7C-4C6E-A3DA-2A598BE75D41}.Release|Any CPU.Build.0 = Release|Any CPU
	EndGlobalSection
	GlobalSection(SolutionProperties) = preSolution
		HideSolutionNode = FALSE
	EndGlobalSection
	GlobalSection(ExtensibilityGlobals) = postSolution
		SolutionGuid = {378C6851-A5D8-4E99-9B58-82CB1051E966}
	EndGlobalSection
EndGlobal
