
Microsoft Visual Studio Solution File, Format Version 12.00
# Visual Studio Version 17
VisualStudioVersion = 17.14.36414.22 d17.14
MinimumVisualStudioVersion = 10.0.40219.1
Project("{FAE04EC0-301F-11D3-BF4B-00C04F79EFBC}") = "Nested Class", "Nested Class.csproj", "{C4649AFE-A692-4179-A668-A4F130C44406}"
EndProject
Global
	GlobalSection(SolutionConfigurationPlatforms) = preSolution
		Debug|Any CPU = Debug|Any CPU
		Release|Any CPU = Release|Any CPU
	EndGlobalSection
	GlobalSection(ProjectConfigurationPlatforms) = postSolution
		{C4649AFE-A692-4179-A668-A4F130C44406}.Debug|Any CPU.ActiveCfg = Debug|Any CPU
		{C4649AFE-A692-4179-A668-A4F130C44406}.Debug|Any CPU.Build.0 = Debug|Any CPU
		{C4649AFE-A692-4179-A668-A4F130C44406}.Release|Any CPU.ActiveCfg = Release|Any CPU
		{C4649AFE-A692-4179-A668-A4F130C44406}.Release|Any CPU.Build.0 = Release|Any CPU
	EndGlobalSection
	GlobalSection(SolutionProperties) = preSolution
		HideSolutionNode = FALSE
	EndGlobalSection
	GlobalSection(ExtensibilityGlobals) = postSolution
		SolutionGuid = {640C5C2B-90B7-497A-868F-20E4D50B1798}
	EndGlobalSection
EndGlobal
