
Microsoft Visual Studio Solution File, Format Version 12.00
# Visual Studio Version 17
VisualStudioVersion = 17.14.36518.9 d17.14
MinimumVisualStudioVersion = 10.0.40219.1
Project("{FAE04EC0-301F-11D3-BF4B-00C04F79EFBC}") = "ContactsConsoleApp-PresentationLayer", "ContactsConsoleApp-PresentationLayer.csproj", "{48055D55-BD5C-4358-A43C-1C2BF97120FF}"
EndProject
Project("{FAE04EC0-301F-11D3-BF4B-00C04F79EFBC}") = "ContactsBusinessLayer", "..\ContactsBusinessLayer\ContactsBusinessLayer.csproj", "{7B6DA360-5F86-4103-BF83-E7F17F7DC42D}"
EndProject
Project("{FAE04EC0-301F-11D3-BF4B-00C04F79EFBC}") = "ContactsDataAccessLayer", "..\ContactsDataAccessLayer\ContactsDataAccessLayer.csproj", "{7A4C686A-604B-40E2-AA82-8BA1EEC375B8}"
EndProject
Global
	GlobalSection(SolutionConfigurationPlatforms) = preSolution
		Debug|Any CPU = Debug|Any CPU
		Release|Any CPU = Release|Any CPU
	EndGlobalSection
	GlobalSection(ProjectConfigurationPlatforms) = postSolution
		{48055D55-BD5C-4358-A43C-1C2BF97120FF}.Debug|Any CPU.ActiveCfg = Debug|Any CPU
		{48055D55-BD5C-4358-A43C-1C2BF97120FF}.Debug|Any CPU.Build.0 = Debug|Any CPU
		{48055D55-BD5C-4358-A43C-1C2BF97120FF}.Release|Any CPU.ActiveCfg = Release|Any CPU
		{48055D55-BD5C-4358-A43C-1C2BF97120FF}.Release|Any CPU.Build.0 = Release|Any CPU
		{7B6DA360-5F86-4103-BF83-E7F17F7DC42D}.Debug|Any CPU.ActiveCfg = Debug|Any CPU
		{7B6DA360-5F86-4103-BF83-E7F17F7DC42D}.Debug|Any CPU.Build.0 = Debug|Any CPU
		{7B6DA360-5F86-4103-BF83-E7F17F7DC42D}.Release|Any CPU.ActiveCfg = Release|Any CPU
		{7B6DA360-5F86-4103-BF83-E7F17F7DC42D}.Release|Any CPU.Build.0 = Release|Any CPU
		{7A4C686A-604B-40E2-AA82-8BA1EEC375B8}.Debug|Any CPU.ActiveCfg = Debug|Any CPU
		{7A4C686A-604B-40E2-AA82-8BA1EEC375B8}.Debug|Any CPU.Build.0 = Debug|Any CPU
		{7A4C686A-604B-40E2-AA82-8BA1EEC375B8}.Release|Any CPU.ActiveCfg = Release|Any CPU
		{7A4C686A-604B-40E2-AA82-8BA1EEC375B8}.Release|Any CPU.Build.0 = Release|Any CPU
	EndGlobalSection
	GlobalSection(SolutionProperties) = preSolution
		HideSolutionNode = FALSE
	EndGlobalSection
	GlobalSection(ExtensibilityGlobals) = postSolution
		SolutionGuid = {41B51C5B-433A-45A4-93CA-11E932D5CAD2}
	EndGlobalSection
EndGlobal
